
Microsoft Visual Studio Solution File, Format Version 12.00
# Visual Studio Version 16
VisualStudioVersion = 16.0.30517.126
MinimumVisualStudioVersion = 10.0.40219.1
Project("{FAE04EC0-301F-11D3-BF4B-00C04F79EFBC}") = "ToonEfMvc", "ToonEfMvc\ToonEfMvc.csproj", "{E2B7974A-83D9-422E-BFE3-F2FA3D2F677E}"
EndProject
Global
	GlobalSection(SolutionConfigurationPlatforms) = preSolution
		Debug|Any CPU = Debug|Any CPU
		Release|Any CPU = Release|Any CPU
	EndGlobalSection
	GlobalSection(ProjectConfigurationPlatforms) = postSolution
		{E2B7974A-83D9-422E-BFE3-F2FA3D2F677E}.Debug|Any CPU.ActiveCfg = Debug|Any CPU
		{E2B7974A-83D9-422E-BFE3-F2FA3D2F677E}.Debug|Any CPU.Build.0 = Debug|Any CPU
		{E2B7974A-83D9-422E-BFE3-F2FA3D2F677E}.Release|Any CPU.ActiveCfg = Release|Any CPU
		{E2B7974A-83D9-422E-BFE3-F2FA3D2F677E}.Release|Any CPU.Build.0 = Release|Any CPU
	EndGlobalSection
	GlobalSection(SolutionProperties) = preSolution
		HideSolutionNode = FALSE
	EndGlobalSection
	GlobalSection(ExtensibilityGlobals) = postSolution
		SolutionGuid = {447663CC-F74D-4EA5-9CE8-F28867675597}
	EndGlobalSection
EndGlobal
